
Microsoft Visual Studio Solution File, Format Version 12.00
# Visual Studio Version 16
VisualStudioVersion = 16.0.30907.101
MinimumVisualStudioVersion = 10.0.40219.1
Project("{FAE04EC0-301F-11D3-BF4B-00C04F79EFBC}") = "PizzeriaAPI", "PizzeriaAPI\PizzeriaAPI.csproj", "{73168439-7138-4A19-A086-6F7E5F6D9011}"
EndProject
Global
	GlobalSection(SolutionConfigurationPlatforms) = preSolution
		Debug|Any CPU = Debug|Any CPU
		Release|Any CPU = Release|Any CPU
	EndGlobalSection
	GlobalSection(ProjectConfigurationPlatforms) = postSolution
		{73168439-7138-4A19-A086-6F7E5F6D9011}.Debug|Any CPU.ActiveCfg = Debug|Any CPU
		{73168439-7138-4A19-A086-6F7E5F6D9011}.Debug|Any CPU.Build.0 = Debug|Any CPU
		{73168439-7138-4A19-A086-6F7E5F6D9011}.Release|Any CPU.ActiveCfg = Release|Any CPU
		{73168439-7138-4A19-A086-6F7E5F6D9011}.Release|Any CPU.Build.0 = Release|Any CPU
	EndGlobalSection
	GlobalSection(SolutionProperties) = preSolution
		HideSolutionNode = FALSE
	EndGlobalSection
	GlobalSection(ExtensibilityGlobals) = postSolution
		SolutionGuid = {17B65D67-A061-4C2A-B8AB-2C6C87803AC8}
	EndGlobalSection
EndGlobal
